// !$*UTF8*$!
{
	archiveVersion = 1;
	classes = {
	};
	objectVersion = 46;
	objects = {

/* Begin PBXBuildFile section */
		25A5C0DF19ABD1BB00574499 /* main.m in Sources */ = {isa = PBXBuildFile; fileRef = 25A5C0DE19ABD1BB00574499 /* main.m */; };
		25A5C0E219ABD1BB00574499 /* AppDelegate.m in Sources */ = {isa = PBXBuildFile; fileRef = 25A5C0E119ABD1BB00574499 /* AppDelegate.m */; };
		25A5C0E519ABD1BB00574499 /* ViewController.m in Sources */ = {isa = PBXBuildFile; fileRef = 25A5C0E419ABD1BB00574499 /* ViewController.m */; };
		25A5C0E819ABD1BB00574499 /* Main.storyboard in Resources */ = {isa = PBXBuildFile; fileRef = 25A5C0E619ABD1BB00574499 /* Main.storyboard */; };
		25A5C0EA19ABD1BB00574499 /* Images.xcassets in Resources */ = {isa = PBXBuildFile; fileRef = 25A5C0E919ABD1BB00574499 /* Images.xcassets */; };
		25A5C0F619ABD1BB00574499 /* GithubToGo2Tests.m in Sources */ = {isa = PBXBuildFile; fileRef = 25A5C0F519ABD1BB00574499 /* GithubToGo2Tests.m */; };
		25A5C10419ABD1D600574499 /* Repository.m in Sources */ = {isa = PBXBuildFile; fileRef = 25A5C10319ABD1D600574499 /* Repository.m */; };
		25A5C10719ABD23D00574499 /* NetworkController.m in Sources */ = {isa = PBXBuildFile; fileRef = 25A5C10619ABD23D00574499 /* NetworkController.m */; };
		25A5C10919ABD5F300574499 /* SampleResponse.json in Resources */ = {isa = PBXBuildFile; fileRef = 25A5C10819ABD5F300574499 /* SampleResponse.json */; };
		25A5C10C19ABECF200574499 /* SearchViewController.m in Sources */ = {isa = PBXBuildFile; fileRef = 25A5C10B19ABECF200574499 /* SearchViewController.m */; };
		25B10B1E19AC4956001174F0 /* User.m in Sources */ = {isa = PBXBuildFile; fileRef = 25B10B1D19AC4956001174F0 /* User.m */; };
		25B10B2119AC4960001174F0 /* Code.m in Sources */ = {isa = PBXBuildFile; fileRef = 25B10B2019AC4960001174F0 /* Code.m */; };
		25B10B2319AC4972001174F0 /* SampleCode.json in Resources */ = {isa = PBXBuildFile; fileRef = 25B10B2219AC4972001174F0 /* SampleCode.json */; };
		25B10B2519AC4980001174F0 /* SampleUser.json in Resources */ = {isa = PBXBuildFile; fileRef = 25B10B2419AC4980001174F0 /* SampleUser.json */; };
		25B9294019AD2045007097E4 /* RepositoriesViewController.m in Sources */ = {isa = PBXBuildFile; fileRef = 25B9293F19AD2045007097E4 /* RepositoriesViewController.m */; };
/* End PBXBuildFile section */

/* Begin PBXContainerItemProxy section */
		25A5C0F019ABD1BB00574499 /* PBXContainerItemProxy */ = {
			isa = PBXContainerItemProxy;
			containerPortal = 25A5C0D119ABD1BB00574499 /* Project object */;
			proxyType = 1;
			remoteGlobalIDString = 25A5C0D819ABD1BB00574499;
			remoteInfo = GithubToGo2;
		};
/* End PBXContainerItemProxy section */

/* Begin PBXFileReference section */
		25A5C0D919ABD1BB00574499 /* GithubToGo2.app */ = {isa = PBXFileReference; explicitFileType = wrapper.application; includeInIndex = 0; path = GithubToGo2.app; sourceTree = BUILT_PRODUCTS_DIR; };
		25A5C0DD19ABD1BB00574499 /* Info.plist */ = {isa = PBXFileReference; lastKnownFileType = text.plist.xml; path = Info.plist; sourceTree = "<group>"; };
		25A5C0DE19ABD1BB00574499 /* main.m */ = {isa = PBXFileReference; lastKnownFileType = sourcecode.c.objc; path = main.m; sourceTree = "<group>"; };
		25A5C0E019ABD1BB00574499 /* AppDelegate.h */ = {isa = PBXFileReference; lastKnownFileType = sourcecode.c.h; path = AppDelegate.h; sourceTree = "<group>"; };
		25A5C0E119ABD1BB00574499 /* AppDelegate.m */ = {isa = PBXFileReference; lastKnownFileType = sourcecode.c.objc; path = AppDelegate.m; sourceTree = "<group>"; };
		25A5C0E319ABD1BB00574499 /* ViewController.h */ = {isa = PBXFileReference; lastKnownFileType = sourcecode.c.h; path = ViewController.h; sourceTree = "<group>"; };
		25A5C0E419ABD1BB00574499 /* ViewController.m */ = {isa = PBXFileReference; lastKnownFileType = sourcecode.c.objc; path = ViewController.m; sourceTree = "<group>"; };
		25A5C0E719ABD1BB00574499 /* Base */ = {isa = PBXFileReference; lastKnownFileType = file.storyboard; name = Base; path = Base.lproj/Main.storyboard; sourceTree = "<group>"; };
		25A5C0E919ABD1BB00574499 /* Images.xcassets */ = {isa = PBXFileReference; lastKnownFileType = folder.assetcatalog; path = Images.xcassets; sourceTree = "<group>"; };
		25A5C0EF19ABD1BB00574499 /* GithubToGo2Tests.xctest */ = {isa = PBXFileReference; explicitFileType = wrapper.cfbundle; includeInIndex = 0; path = GithubToGo2Tests.xctest; sourceTree = BUILT_PRODUCTS_DIR; };
		25A5C0F419ABD1BB00574499 /* Info.plist */ = {isa = PBXFileReference; lastKnownFileType = text.plist.xml; path = Info.plist; sourceTree = "<group>"; };
		25A5C0F519ABD1BB00574499 /* GithubToGo2Tests.m */ = {isa = PBXFileReference; lastKnownFileType = sourcecode.c.objc; path = GithubToGo2Tests.m; sourceTree = "<group>"; };
		25A5C10219ABD1D600574499 /* Repository.h */ = {isa = PBXFileReference; fileEncoding = 4; lastKnownFileType = sourcecode.c.h; path = Repository.h; sourceTree = "<group>"; };
		25A5C10319ABD1D600574499 /* Repository.m */ = {isa = PBXFileReference; fileEncoding = 4; lastKnownFileType = sourcecode.c.objc; path = Repository.m; sourceTree = "<group>"; };
		25A5C10519ABD23D00574499 /* NetworkController.h */ = {isa = PBXFileReference; fileEncoding = 4; lastKnownFileType = sourcecode.c.h; path = NetworkController.h; sourceTree = "<group>"; };
		25A5C10619ABD23D00574499 /* NetworkController.m */ = {isa = PBXFileReference; fileEncoding = 4; lastKnownFileType = sourcecode.c.objc; path = NetworkController.m; sourceTree = "<group>"; };
		25A5C10819ABD5F300574499 /* SampleResponse.json */ = {isa = PBXFileReference; fileEncoding = 4; lastKnownFileType = text.json; path = SampleResponse.json; sourceTree = "<group>"; };
		25A5C10A19ABECF200574499 /* SearchViewController.h */ = {isa = PBXFileReference; fileEncoding = 4; lastKnownFileType = sourcecode.c.h; path = SearchViewController.h; sourceTree = "<group>"; };
		25A5C10B19ABECF200574499 /* SearchViewController.m */ = {isa = PBXFileReference; fileEncoding = 4; lastKnownFileType = sourcecode.c.objc; path = SearchViewController.m; sourceTree = "<group>"; };
		25B10B1C19AC4956001174F0 /* User.h */ = {isa = PBXFileReference; fileEncoding = 4; lastKnownFileType = sourcecode.c.h; path = User.h; sourceTree = "<group>"; };
		25B10B1D19AC4956001174F0 /* User.m */ = {isa = PBXFileReference; fileEncoding = 4; lastKnownFileType = sourcecode.c.objc; path = User.m; sourceTree = "<group>"; };
		25B10B1F19AC4960001174F0 /* Code.h */ = {isa = PBXFileReference; fileEncoding = 4; lastKnownFileType = sourcecode.c.h; path = Code.h; sourceTree = "<group>"; };
		25B10B2019AC4960001174F0 /* Code.m */ = {isa = PBXFileReference; fileEncoding = 4; lastKnownFileType = sourcecode.c.objc; path = Code.m; sourceTree = "<group>"; };
		25B10B2219AC4972001174F0 /* SampleCode.json */ = {isa = PBXFileReference; fileEncoding = 4; lastKnownFileType = text.json; path = SampleCode.json; sourceTree = "<group>"; };
		25B10B2419AC4980001174F0 /* SampleUser.json */ = {isa = PBXFileReference; fileEncoding = 4; lastKnownFileType = text.json; path = SampleUser.json; sourceTree = "<group>"; };
		25B9293E19AD2045007097E4 /* RepositoriesViewController.h */ = {isa = PBXFileReference; fileEncoding = 4; lastKnownFileType = sourcecode.c.h; path = RepositoriesViewController.h; sourceTree = "<group>"; };
		25B9293F19AD2045007097E4 /* RepositoriesViewController.m */ = {isa = PBXFileReference; fileEncoding = 4; lastKnownFileType = sourcecode.c.objc; path = RepositoriesViewController.m; sourceTree = "<group>"; };
/* End PBXFileReference section */

/* Begin PBXFrameworksBuildPhase section */
		25A5C0D619ABD1BB00574499 /* Frameworks */ = {
			isa = PBXFrameworksBuildPhase;
			buildActionMask = 2147483647;
			files = (
			);
			runOnlyForDeploymentPostprocessing = 0;
		};
		25A5C0EC19ABD1BB00574499 /* Frameworks */ = {
			isa = PBXFrameworksBuildPhase;
			buildActionMask = 2147483647;
			files = (
			);
			runOnlyForDeploymentPostprocessing = 0;
		};
/* End PBXFrameworksBuildPhase section */

/* Begin PBXGroup section */
		25A5C0D019ABD1BB00574499 = {
			isa = PBXGroup;
			children = (
				25A5C0DB19ABD1BB00574499 /* GithubToGo2 */,
				25A5C0F219ABD1BB00574499 /* GithubToGo2Tests */,
				25A5C0DA19ABD1BB00574499 /* Products */,
			);
			sourceTree = "<group>";
		};
		25A5C0DA19ABD1BB00574499 /* Products */ = {
			isa = PBXGroup;
			children = (
				25A5C0D919ABD1BB00574499 /* GithubToGo2.app */,
				25A5C0EF19ABD1BB00574499 /* GithubToGo2Tests.xctest */,
			);
			name = Products;
			sourceTree = "<group>";
		};
		25A5C0DB19ABD1BB00574499 /* GithubToGo2 */ = {
			isa = PBXGroup;
			children = (
				25A5C10119ABD1C600574499 /* View */,
				25A5C10019ABD1C200574499 /* Model */,
				25A5C0FF19ABD1BF00574499 /* Controller */,
				25A5C0E019ABD1BB00574499 /* AppDelegate.h */,
				25A5C0E119ABD1BB00574499 /* AppDelegate.m */,
				25A5C0E619ABD1BB00574499 /* Main.storyboard */,
				25A5C10819ABD5F300574499 /* SampleResponse.json */,
				25B10B2219AC4972001174F0 /* SampleCode.json */,
				25B10B2419AC4980001174F0 /* SampleUser.json */,
				25A5C0E919ABD1BB00574499 /* Images.xcassets */,
				25A5C0DC19ABD1BB00574499 /* Supporting Files */,
			);
			path = GithubToGo2;
			sourceTree = "<group>";
		};
		25A5C0DC19ABD1BB00574499 /* Supporting Files */ = {
			isa = PBXGroup;
			children = (
				25A5C0DD19ABD1BB00574499 /* Info.plist */,
				25A5C0DE19ABD1BB00574499 /* main.m */,
			);
			name = "Supporting Files";
			sourceTree = "<group>";
		};
		25A5C0F219ABD1BB00574499 /* GithubToGo2Tests */ = {
			isa = PBXGroup;
			children = (
				25A5C0F519ABD1BB00574499 /* GithubToGo2Tests.m */,
				25A5C0F319ABD1BB00574499 /* Supporting Files */,
			);
			path = GithubToGo2Tests;
			sourceTree = "<group>";
		};
		25A5C0F319ABD1BB00574499 /* Supporting Files */ = {
			isa = PBXGroup;
			children = (
				25A5C0F419ABD1BB00574499 /* Info.plist */,
			);
			name = "Supporting Files";
			sourceTree = "<group>";
		};
		25A5C0FF19ABD1BF00574499 /* Controller */ = {
			isa = PBXGroup;
			children = (
				25A5C0E319ABD1BB00574499 /* ViewController.h */,
				25A5C0E419ABD1BB00574499 /* ViewController.m */,
				25A5C10A19ABECF200574499 /* SearchViewController.h */,
				25A5C10B19ABECF200574499 /* SearchViewController.m */,
				25A5C10519ABD23D00574499 /* NetworkController.h */,
				25A5C10619ABD23D00574499 /* NetworkController.m */,
				25B9293E19AD2045007097E4 /* RepositoriesViewController.h */,
				25B9293F19AD2045007097E4 /* RepositoriesViewController.m */,
			);
			name = Controller;
			sourceTree = "<group>";
		};
		25A5C10019ABD1C200574499 /* Model */ = {
			isa = PBXGroup;
			children = (
				25A5C10219ABD1D600574499 /* Repository.h */,
				25A5C10319ABD1D600574499 /* Repository.m */,
				25B10B1F19AC4960001174F0 /* Code.h */,
				25B10B2019AC4960001174F0 /* Code.m */,
				25B10B1C19AC4956001174F0 /* User.h */,
				25B10B1D19AC4956001174F0 /* User.m */,
			);
			name = Model;
			sourceTree = "<group>";
		};
		25A5C10119ABD1C600574499 /* View */ = {
			isa = PBXGroup;
			children = (
			);
			name = View;
			sourceTree = "<group>";
		};
/* End PBXGroup section */

/* Begin PBXNativeTarget section */
		25A5C0D819ABD1BB00574499 /* GithubToGo2 */ = {
			isa = PBXNativeTarget;
			buildConfigurationList = 25A5C0F919ABD1BB00574499 /* Build configuration list for PBXNativeTarget "GithubToGo2" */;
			buildPhases = (
				25A5C0D519ABD1BB00574499 /* Sources */,
				25A5C0D619ABD1BB00574499 /* Frameworks */,
				25A5C0D719ABD1BB00574499 /* Resources */,
			);
			buildRules = (
			);
			dependencies = (
			);
			name = GithubToGo2;
			productName = GithubToGo2;
			productReference = 25A5C0D919ABD1BB00574499 /* GithubToGo2.app */;
			productType = "com.apple.product-type.application";
		};
		25A5C0EE19ABD1BB00574499 /* GithubToGo2Tests */ = {
			isa = PBXNativeTarget;
			buildConfigurationList = 25A5C0FC19ABD1BB00574499 /* Build configuration list for PBXNativeTarget "GithubToGo2Tests" */;
			buildPhases = (
				25A5C0EB19ABD1BB00574499 /* Sources */,
				25A5C0EC19ABD1BB00574499 /* Frameworks */,
				25A5C0ED19ABD1BB00574499 /* Resources */,
			);
			buildRules = (
			);
			dependencies = (
				25A5C0F119ABD1BB00574499 /* PBXTargetDependency */,
			);
			name = GithubToGo2Tests;
			productName = GithubToGo2Tests;
			productReference = 25A5C0EF19ABD1BB00574499 /* GithubToGo2Tests.xctest */;
			productType = "com.apple.product-type.bundle.unit-test";
		};
/* End PBXNativeTarget section */

/* Begin PBXProject section */
		25A5C0D119ABD1BB00574499 /* Project object */ = {
			isa = PBXProject;
			attributes = {
				LastUpgradeCheck = 0600;
				ORGANIZATIONNAME = "Jeff Gayle";
				TargetAttributes = {
					25A5C0D819ABD1BB00574499 = {
						CreatedOnToolsVersion = 6.0;
					};
					25A5C0EE19ABD1BB00574499 = {
						CreatedOnToolsVersion = 6.0;
						TestTargetID = 25A5C0D819ABD1BB00574499;
					};
				};
			};
			buildConfigurationList = 25A5C0D419ABD1BB00574499 /* Build configuration list for PBXProject "GithubToGo2" */;
			compatibilityVersion = "Xcode 3.2";
			developmentRegion = English;
			hasScannedForEncodings = 0;
			knownRegions = (
				en,
				Base,
			);
			mainGroup = 25A5C0D019ABD1BB00574499;
			productRefGroup = 25A5C0DA19ABD1BB00574499 /* Products */;
			projectDirPath = "";
			projectRoot = "";
			targets = (
				25A5C0D819ABD1BB00574499 /* GithubToGo2 */,
				25A5C0EE19ABD1BB00574499 /* GithubToGo2Tests */,
			);
		};
/* End PBXProject section */

/* Begin PBXResourcesBuildPhase section */
		25A5C0D719ABD1BB00574499 /* Resources */ = {
			isa = PBXResourcesBuildPhase;
			buildActionMask = 2147483647;
			files = (
				25B10B2519AC4980001174F0 /* SampleUser.json in Resources */,
				25B10B2319AC4972001174F0 /* SampleCode.json in Resources */,
				25A5C0E819ABD1BB00574499 /* Main.storyboard in Resources */,
				25A5C10919ABD5F300574499 /* SampleResponse.json in Resources */,
				25A5C0EA19ABD1BB00574499 /* Images.xcassets in Resources */,
			);
			runOnlyForDeploymentPostprocessing = 0;
		};
		25A5C0ED19ABD1BB00574499 /* Resources */ = {
			isa = PBXResourcesBuildPhase;
			buildActionMask = 2147483647;
			files = (
			);
			runOnlyForDeploymentPostprocessing = 0;
		};
/* End PBXResourcesBuildPhase section */

/* Begin PBXSourcesBuildPhase section */
		25A5C0D519ABD1BB00574499 /* Sources */ = {
			isa = PBXSourcesBuildPhase;
			buildActionMask = 2147483647;
			files = (
				25A5C0E519ABD1BB00574499 /* ViewController.m in Sources */,
				25B9294019AD2045007097E4 /* RepositoriesViewController.m in Sources */,
				25B10B1E19AC4956001174F0 /* User.m in Sources */,
				25A5C0E219ABD1BB00574499 /* AppDelegate.m in Sources */,
				25A5C0DF19ABD1BB00574499 /* main.m in Sources */,
				25B10B2119AC4960001174F0 /* Code.m in Sources */,
				25A5C10419ABD1D600574499 /* Repository.m in Sources */,
				25A5C10C19ABECF200574499 /* SearchViewController.m in Sources */,
				25A5C10719ABD23D00574499 /* NetworkController.m in Sources */,
			);
			runOnlyForDeploymentPostprocessing = 0;
		};
		25A5C0EB19ABD1BB00574499 /* Sources */ = {
			isa = PBXSourcesBuildPhase;
			buildActionMask = 2147483647;
			files = (
				25A5C0F619ABD1BB00574499 /* GithubToGo2Tests.m in Sources */,
			);
			runOnlyForDeploymentPostprocessing = 0;
		};
/* End PBXSourcesBuildPhase section */

/* Begin PBXTargetDependency section */
		25A5C0F119ABD1BB00574499 /* PBXTargetDependency */ = {
			isa = PBXTargetDependency;
			target = 25A5C0D819ABD1BB00574499 /* GithubToGo2 */;
			targetProxy = 25A5C0F019ABD1BB00574499 /* PBXContainerItemProxy */;
		};
/* End PBXTargetDependency section */

/* Begin PBXVariantGroup section */
		25A5C0E619ABD1BB00574499 /* Main.storyboard */ = {
			isa = PBXVariantGroup;
			children = (
				25A5C0E719ABD1BB00574499 /* Base */,
			);
			name = Main.storyboard;
			sourceTree = "<group>";
		};
/* End PBXVariantGroup section */

/* Begin XCBuildConfiguration section */
		25A5C0F719ABD1BB00574499 /* Debug */ = {
			isa = XCBuildConfiguration;
			buildSettings = {
				ALWAYS_SEARCH_USER_PATHS = NO;
				CLANG_CXX_LANGUAGE_STANDARD = "gnu++0x";
				CLANG_CXX_LIBRARY = "libc++";
				CLANG_ENABLE_MODULES = YES;
				CLANG_ENABLE_OBJC_ARC = YES;
				CLANG_WARN_BOOL_CONVERSION = YES;
				CLANG_WARN_CONSTANT_CONVERSION = YES;
				CLANG_WARN_DIRECT_OBJC_ISA_USAGE = YES_ERROR;
				CLANG_WARN_EMPTY_BODY = YES;
				CLANG_WARN_ENUM_CONVERSION = YES;
				CLANG_WARN_INT_CONVERSION = YES;
				CLANG_WARN_OBJC_ROOT_CLASS = YES_ERROR;
				CLANG_WARN_UNREACHABLE_CODE = YES;
				CLANG_WARN__DUPLICATE_METHOD_MATCH = YES;
				"CODE_SIGN_IDENTITY[sdk=iphoneos*]" = "iPhone Developer";
				COPY_PHASE_STRIP = NO;
				ENABLE_STRICT_OBJC_MSGSEND = YES;
				GCC_C_LANGUAGE_STANDARD = gnu99;
				GCC_DYNAMIC_NO_PIC = NO;
				GCC_OPTIMIZATION_LEVEL = 0;
				GCC_PREPROCESSOR_DEFINITIONS = (
					"DEBUG=1",
					"$(inherited)",
				);
				GCC_SYMBOLS_PRIVATE_EXTERN = NO;
				GCC_WARN_64_TO_32_BIT_CONVERSION = YES;
				GCC_WARN_ABOUT_RETURN_TYPE = YES_ERROR;
				GCC_WARN_UNDECLARED_SELECTOR = YES;
				GCC_WARN_UNINITIALIZED_AUTOS = YES_AGGRESSIVE;
				GCC_WARN_UNUSED_FUNCTION = YES;
				GCC_WARN_UNUSED_VARIABLE = YES;
				IPHONEOS_DEPLOYMENT_TARGET = 8.0;
				MTL_ENABLE_DEBUG_INFO = YES;
				ONLY_ACTIVE_ARCH = YES;
				SDKROOT = iphoneos;
				TARGETED_DEVICE_FAMILY = "1,2";
			};
			name = Debug;
		};
		25A5C0F819ABD1BB00574499 /* Release */ = {
			isa = XCBuildConfiguration;
			buildSettings = {
				ALWAYS_SEARCH_USER_PATHS = NO;
				CLANG_CXX_LANGUAGE_STANDARD = "gnu++0x";
				CLANG_CXX_LIBRARY = "libc++";
				CLANG_ENABLE_MODULES = YES;
				CLANG_ENABLE_OBJC_ARC = YES;
				CLANG_WARN_BOOL_CONVERSION = YES;
				CLANG_WARN_CONSTANT_CONVERSION = YES;
				CLANG_WARN_DIRECT_OBJC_ISA_USAGE = YES_ERROR;
				CLANG_WARN_EMPTY_BODY = YES;
				CLANG_WARN_ENUM_CONVERSION = YES;
				CLANG_WARN_INT_CONVERSION = YES;
				CLANG_WARN_OBJC_ROOT_CLASS = YES_ERROR;
				CLANG_WARN_UNREACHABLE_CODE = YES;
				CLANG_WARN__DUPLICATE_METHOD_MATCH = YES;
				"CODE_SIGN_IDENTITY[sdk=iphoneos*]" = "iPhone Developer";
				COPY_PHASE_STRIP = YES;
				ENABLE_NS_ASSERTIONS = NO;
				ENABLE_STRICT_OBJC_MSGSEND = YES;
				GCC_C_LANGUAGE_STANDARD = gnu99;
				GCC_WARN_64_TO_32_BIT_CONVERSION = YES;
				GCC_WARN_ABOUT_RETURN_TYPE = YES_ERROR;
				GCC_WARN_UNDECLARED_SELECTOR = YES;
				GCC_WARN_UNINITIALIZED_AUTOS = YES_AGGRESSIVE;
				GCC_WARN_UNUSED_FUNCTION = YES;
				GCC_WARN_UNUSED_VARIABLE = YES;
				IPHONEOS_DEPLOYMENT_TARGET = 8.0;
				MTL_ENABLE_DEBUG_INFO = NO;
				SDKROOT = iphoneos;
				TARGETED_DEVICE_FAMILY = "1,2";
				VALIDATE_PRODUCT = YES;
			};
			name = Release;
		};
		25A5C0FA19ABD1BB00574499 /* Debug */ = {
			isa = XCBuildConfiguration;
			buildSettings = {
				ASSETCATALOG_COMPILER_APPICON_NAME = AppIcon;
				ASSETCATALOG_COMPILER_LAUNCHIMAGE_NAME = LaunchImage;
				INFOPLIST_FILE = GithubToGo2/Info.plist;
				LD_RUNPATH_SEARCH_PATHS = "$(inherited) @executable_path/Frameworks";
				PRODUCT_NAME = "$(TARGET_NAME)";
			};
			name = Debug;
		};
		25A5C0FB19ABD1BB00574499 /* Release */ = {
			isa = XCBuildConfiguration;
			buildSettings = {
				ASSETCATALOG_COMPILER_APPICON_NAME = AppIcon;
				ASSETCATALOG_COMPILER_LAUNCHIMAGE_NAME = LaunchImage;
				INFOPLIST_FILE = GithubToGo2/Info.plist;
				LD_RUNPATH_SEARCH_PATHS = "$(inherited) @executable_path/Frameworks";
				PRODUCT_NAME = "$(TARGET_NAME)";
			};
			name = Release;
		};
		25A5C0FD19ABD1BB00574499 /* Debug */ = {
			isa = XCBuildConfiguration;
			buildSettings = {
				BUNDLE_LOADER = "$(TEST_HOST)";
				FRAMEWORK_SEARCH_PATHS = (
					"$(SDKROOT)/Developer/Library/Frameworks",
					"$(inherited)",
				);
				GCC_PREPROCESSOR_DEFINITIONS = (
					"DEBUG=1",
					"$(inherited)",
				);
				INFOPLIST_FILE = GithubToGo2Tests/Info.plist;
				LD_RUNPATH_SEARCH_PATHS = "$(inherited) @executable_path/Frameworks @loader_path/Frameworks";
				PRODUCT_NAME = "$(TARGET_NAME)";
				TEST_HOST = "$(BUILT_PRODUCTS_DIR)/GithubToGo2.app/GithubToGo2";
			};
			name = Debug;
		};
		25A5C0FE19ABD1BB00574499 /* Release */ = {
			isa = XCBuildConfiguration;
			buildSettings = {
				BUNDLE_LOADER = "$(TEST_HOST)";
				FRAMEWORK_SEARCH_PATHS = (
					"$(SDKROOT)/Developer/Library/Frameworks",
					"$(inherited)",
				);
				INFOPLIST_FILE = GithubToGo2Tests/Info.plist;
				LD_RUNPATH_SEARCH_PATHS = "$(inherited) @executable_path/Frameworks @loader_path/Frameworks";
				PRODUCT_NAME = "$(TARGET_NAME)";
				TEST_HOST = "$(BUILT_PRODUCTS_DIR)/GithubToGo2.app/GithubToGo2";
			};
			name = Release;
		};
/* End XCBuildConfiguration section */

/* Begin XCConfigurationList section */
		25A5C0D419ABD1BB00574499 /* Build configuration list for PBXProject "GithubToGo2" */ = {
			isa = XCConfigurationList;
			buildConfigurations = (
				25A5C0F719ABD1BB00574499 /* Debug */,
				25A5C0F819ABD1BB00574499 /* Release */,
			);
			defaultConfigurationIsVisible = 0;
			defaultConfigurationName = Release;
		};
		25A5C0F919ABD1BB00574499 /* Build configuration list for PBXNativeTarget "GithubToGo2" */ = {
			isa = XCConfigurationList;
			buildConfigurations = (
				25A5C0FA19ABD1BB00574499 /* Debug */,
				25A5C0FB19ABD1BB00574499 /* Release */,
			);
			defaultConfigurationIsVisible = 0;
			defaultConfigurationName = Release;
		};
		25A5C0FC19ABD1BB00574499 /* Build configuration list for PBXNativeTarget "GithubToGo2Tests" */ = {
			isa = XCConfigurationList;
			buildConfigurations = (
				25A5C0FD19ABD1BB00574499 /* Debug */,
				25A5C0FE19ABD1BB00574499 /* Release */,
			);
			defaultConfigurationIsVisible = 0;
			defaultConfigurationName = Release;
		};
/* End XCConfigurationList section */
	};
	rootObject = 25A5C0D119ABD1BB00574499 /* Project object */;
}
